
Microsoft Visual Studio Solution File, Format Version 12.00
# Visual Studio Version 17
VisualStudioVersion = 17.8.34330.188
MinimumVisualStudioVersion = 10.0.40219.1
Project("{FAE04EC0-301F-11D3-BF4B-00C04F79EFBC}") = "Zintegrujemyfin", "Zintegrujemyfin.csproj", "{D651BB3E-C85E-4474-96C3-ACEF15D276D8}"
EndProject
Global
	GlobalSection(SolutionConfigurationPlatforms) = preSolution
		Debug|Any CPU = Debug|Any CPU
		Release|Any CPU = Release|Any CPU
	EndGlobalSection
	GlobalSection(ProjectConfigurationPlatforms) = postSolution
		{D651BB3E-C85E-4474-96C3-ACEF15D276D8}.Debug|Any CPU.ActiveCfg = Debug|Any CPU
		{D651BB3E-C85E-4474-96C3-ACEF15D276D8}.Debug|Any CPU.Build.0 = Debug|Any CPU
		{D651BB3E-C85E-4474-96C3-ACEF15D276D8}.Release|Any CPU.ActiveCfg = Release|Any CPU
		{D651BB3E-C85E-4474-96C3-ACEF15D276D8}.Release|Any CPU.Build.0 = Release|Any CPU
	EndGlobalSection
	GlobalSection(SolutionProperties) = preSolution
		HideSolutionNode = FALSE
	EndGlobalSection
	GlobalSection(ExtensibilityGlobals) = postSolution
		SolutionGuid = {4BA93C46-E0D6-4CAB-A584-8B675B372027}
	EndGlobalSection
EndGlobal
